
Microsoft Visual Studio Solution File, Format Version 12.00
# Visual Studio 15
Project("{FAE04EC0-301F-11D3-BF4B-00C04F79EFBC}") = "HTMLCellProject.Android", "HTMLCellProject.Android\HTMLCellProject.Android.csproj", "{D453A517-3716-49C8-A2BB-22E7C6986538}"
EndProject
Project("{FAE04EC0-301F-11D3-BF4B-00C04F79EFBC}") = "HTMLCellProject.iOS", "HTMLCellProject.iOS\HTMLCellProject.iOS.csproj", "{8F837262-08FA-4343-88BA-A86D1D386031}"
EndProject
Project("{FAE04EC0-301F-11D3-BF4B-00C04F79EFBC}") = "HTMLCellProject", "HTMLCellProject\HTMLCellProject.csproj", "{0EB4A468-8499-4157-B9AA-2799BB13BE39}"
EndProject
Global
	GlobalSection(SolutionConfigurationPlatforms) = preSolution
		Debug|Any CPU = Debug|Any CPU
		Release|Any CPU = Release|Any CPU
		Debug|iPhoneSimulator = Debug|iPhoneSimulator
		Release|iPhoneSimulator = Release|iPhoneSimulator
		Debug|iPhone = Debug|iPhone
		Release|iPhone = Release|iPhone
	EndGlobalSection
	GlobalSection(ProjectConfigurationPlatforms) = postSolution
		{D453A517-3716-49C8-A2BB-22E7C6986538}.Debug|Any CPU.ActiveCfg = Debug|Any CPU
		{D453A517-3716-49C8-A2BB-22E7C6986538}.Debug|Any CPU.Build.0 = Debug|Any CPU
		{D453A517-3716-49C8-A2BB-22E7C6986538}.Release|Any CPU.ActiveCfg = Release|Any CPU
		{D453A517-3716-49C8-A2BB-22E7C6986538}.Release|Any CPU.Build.0 = Release|Any CPU
		{D453A517-3716-49C8-A2BB-22E7C6986538}.Debug|iPhoneSimulator.ActiveCfg = Debug|Any CPU
		{D453A517-3716-49C8-A2BB-22E7C6986538}.Debug|iPhoneSimulator.Build.0 = Debug|Any CPU
		{D453A517-3716-49C8-A2BB-22E7C6986538}.Release|iPhoneSimulator.ActiveCfg = Release|Any CPU
		{D453A517-3716-49C8-A2BB-22E7C6986538}.Release|iPhoneSimulator.Build.0 = Release|Any CPU
		{D453A517-3716-49C8-A2BB-22E7C6986538}.Debug|iPhone.ActiveCfg = Debug|Any CPU
		{D453A517-3716-49C8-A2BB-22E7C6986538}.Debug|iPhone.Build.0 = Debug|Any CPU
		{D453A517-3716-49C8-A2BB-22E7C6986538}.Release|iPhone.ActiveCfg = Release|Any CPU
		{D453A517-3716-49C8-A2BB-22E7C6986538}.Release|iPhone.Build.0 = Release|Any CPU
		{8F837262-08FA-4343-88BA-A86D1D386031}.Debug|Any CPU.ActiveCfg = Debug|iPhoneSimulator
		{8F837262-08FA-4343-88BA-A86D1D386031}.Debug|Any CPU.Build.0 = Debug|iPhoneSimulator
		{8F837262-08FA-4343-88BA-A86D1D386031}.Release|Any CPU.ActiveCfg = Release|iPhoneSimulator
		{8F837262-08FA-4343-88BA-A86D1D386031}.Release|Any CPU.Build.0 = Release|iPhoneSimulator
		{8F837262-08FA-4343-88BA-A86D1D386031}.Debug|iPhoneSimulator.ActiveCfg = Debug|iPhoneSimulator
		{8F837262-08FA-4343-88BA-A86D1D386031}.Debug|iPhoneSimulator.Build.0 = Debug|iPhoneSimulator
		{8F837262-08FA-4343-88BA-A86D1D386031}.Release|iPhoneSimulator.ActiveCfg = Release|iPhoneSimulator
		{8F837262-08FA-4343-88BA-A86D1D386031}.Release|iPhoneSimulator.Build.0 = Release|iPhoneSimulator
		{8F837262-08FA-4343-88BA-A86D1D386031}.Debug|iPhone.ActiveCfg = Debug|iPhone
		{8F837262-08FA-4343-88BA-A86D1D386031}.Debug|iPhone.Build.0 = Debug|iPhone
		{8F837262-08FA-4343-88BA-A86D1D386031}.Release|iPhone.ActiveCfg = Release|iPhone
		{8F837262-08FA-4343-88BA-A86D1D386031}.Release|iPhone.Build.0 = Release|iPhone
		{0EB4A468-8499-4157-B9AA-2799BB13BE39}.Debug|Any CPU.ActiveCfg = Debug|Any CPU
		{0EB4A468-8499-4157-B9AA-2799BB13BE39}.Debug|Any CPU.Build.0 = Debug|Any CPU
		{0EB4A468-8499-4157-B9AA-2799BB13BE39}.Release|Any CPU.ActiveCfg = Release|Any CPU
		{0EB4A468-8499-4157-B9AA-2799BB13BE39}.Release|Any CPU.Build.0 = Release|Any CPU
		{0EB4A468-8499-4157-B9AA-2799BB13BE39}.Debug|iPhoneSimulator.ActiveCfg = Debug|Any CPU
		{0EB4A468-8499-4157-B9AA-2799BB13BE39}.Debug|iPhoneSimulator.Build.0 = Debug|Any CPU
		{0EB4A468-8499-4157-B9AA-2799BB13BE39}.Release|iPhoneSimulator.ActiveCfg = Release|Any CPU
		{0EB4A468-8499-4157-B9AA-2799BB13BE39}.Release|iPhoneSimulator.Build.0 = Release|Any CPU
		{0EB4A468-8499-4157-B9AA-2799BB13BE39}.Debug|iPhone.ActiveCfg = Debug|Any CPU
		{0EB4A468-8499-4157-B9AA-2799BB13BE39}.Debug|iPhone.Build.0 = Debug|Any CPU
		{0EB4A468-8499-4157-B9AA-2799BB13BE39}.Release|iPhone.ActiveCfg = Release|Any CPU
		{0EB4A468-8499-4157-B9AA-2799BB13BE39}.Release|iPhone.Build.0 = Release|Any CPU
	EndGlobalSection
EndGlobal
